{
    "name": "CNA-User-Service",
    "lockfileVersion": 3,
    "requires": true,
    "packages": {
        "": {
            "dependencies": {
                "@hono/swagger-ui": "^0.2.1",
                "@hono/zod-openapi": "^0.9.6",
                "@libsql/client": "^0.4.3",
                "drizzle-orm": "^0.29.3",
                "hono": "^3.12.12",
                "zod": "^3.22.4"
            },
            "devDependencies": {
                "@types/bun": "^1.0.0",
                "drizzle-kit": "^0.20.14"
            }
        },
        "node_modules/@asteasolutions/zod-to-openapi": {
            "version": "5.5.0",
            "resolved": "https://registry.npmjs.org/@asteasolutions/zod-to-openapi/-/zod-to-openapi-5.5.0.tgz",
            "integrity": "sha512-d5HwrvM6dOKr3XdeF+DmashGvfEc+1oiEfbscugsiwSTrFtuMa7ETpW9sTNnVgn+hJaz+PRxPQUYD7q9/5dUig==",
            "dependencies": {
                "openapi3-ts": "^4.1.2"
            },
            "peerDependencies": {
                "zod": "^3.20.2"
            }
        },
        "node_modules/@drizzle-team/studio": {
            "version": "0.0.39",
            "dev": true,
            "license": "UNLICENSED",
            "dependencies": {
                "superjson": "^2.2.1"
            }
        },
        "node_modules/@esbuild-kit/core-utils": {
            "version": "3.3.2",
            "dev": true,
            "license": "MIT",
            "dependencies": {
                "esbuild": "~0.18.20",
                "source-map-support": "^0.5.21"
            }
        },
        "node_modules/@esbuild-kit/core-utils/node_modules/esbuild": {
            "version": "0.18.20",
            "dev": true,
            "hasInstallScript": true,
            "license": "MIT",
            "bin": {
                "esbuild": "bin/esbuild"
            },
            "engines": {
                "node": ">=12"
            },
            "optionalDependencies": {
                "@esbuild/android-arm": "0.18.20",
                "@esbuild/android-arm64": "0.18.20",
                "@esbuild/android-x64": "0.18.20",
                "@esbuild/darwin-arm64": "0.18.20",
                "@esbuild/darwin-x64": "0.18.20",
                "@esbuild/freebsd-arm64": "0.18.20",
                "@esbuild/freebsd-x64": "0.18.20",
                "@esbuild/linux-arm": "0.18.20",
                "@esbuild/linux-arm64": "0.18.20",
                "@esbuild/linux-ia32": "0.18.20",
                "@esbuild/linux-loong64": "0.18.20",
                "@esbuild/linux-mips64el": "0.18.20",
                "@esbuild/linux-ppc64": "0.18.20",
                "@esbuild/linux-riscv64": "0.18.20",
                "@esbuild/linux-s390x": "0.18.20",
                "@esbuild/linux-x64": "0.18.20",
                "@esbuild/netbsd-x64": "0.18.20",
                "@esbuild/openbsd-x64": "0.18.20",
                "@esbuild/sunos-x64": "0.18.20",
                "@esbuild/win32-arm64": "0.18.20",
                "@esbuild/win32-ia32": "0.18.20",
                "@esbuild/win32-x64": "0.18.20"
            }
        },
        "node_modules/@esbuild-kit/core-utils/node_modules/esbuild/node_modules/@esbuild/linux-x64": {
            "version": "0.18.20",
            "cpu": [
                "x64"
            ],
            "dev": true,
            "license": "MIT",
            "optional": true,
            "os": [
                "linux"
            ],
            "engines": {
                "node": ">=12"
            }
        },
        "node_modules/@esbuild-kit/esm-loader": {
            "version": "2.6.5",
            "dev": true,
            "license": "MIT",
            "dependencies": {
                "@esbuild-kit/core-utils": "^3.3.2",
                "get-tsconfig": "^4.7.0"
            }
        },
        "node_modules/@esbuild/linux-x64": {
            "version": "0.19.11",
            "cpu": [
                "x64"
            ],
            "dev": true,
            "license": "MIT",
            "optional": true,
            "os": [
                "linux"
            ],
            "engines": {
                "node": ">=12"
            }
        },
        "node_modules/@hono/swagger-ui": {
            "version": "0.2.1",
            "license": "MIT",
            "peerDependencies": {
                "hono": "*"
            }
        },
        "node_modules/@hono/zod-openapi": {
            "version": "0.9.6",
            "resolved": "https://registry.npmjs.org/@hono/zod-openapi/-/zod-openapi-0.9.6.tgz",
            "integrity": "sha512-MLF8xpd4fEwbEaylFqAt1qci4wOTXu3oq3BKb01trccapYfodP50VCO0YDNBQTyMT/Iapq6GMO4+RAIFBgG5WQ==",
            "dependencies": {
                "@asteasolutions/zod-to-openapi": "^5.5.0",
                "@hono/zod-validator": "^0.1.11"
            },
            "engines": {
                "node": ">=16.0.0"
            },
            "peerDependencies": {
                "hono": ">=3.11.3",
                "zod": "3.*"
            }
        },
        "node_modules/@hono/zod-validator": {
            "version": "0.1.11",
            "resolved": "https://registry.npmjs.org/@hono/zod-validator/-/zod-validator-0.1.11.tgz",
            "integrity": "sha512-PQXeHUP0+36qpRt8yfeD7N2jbK3ETlGvSN6dMof/HwUC/APRokQRjpXZm4rrlG71Ft0aWE01+Bm4XejqPie5Uw==",
            "peerDependencies": {
                "hono": ">=3.9.0",
                "zod": "^3.19.1"
            }
        },
        "node_modules/@libsql/client": {
            "version": "0.4.3",
            "license": "MIT",
            "dependencies": {
                "@libsql/core": "^0.4.3",
                "@libsql/hrana-client": "^0.5.6",
                "js-base64": "^3.7.5"
            },
            "optionalDependencies": {
                "libsql": "^0.2.0"
            }
        },
        "node_modules/@libsql/core": {
            "version": "0.4.3",
            "license": "MIT",
            "dependencies": {
                "js-base64": "^3.7.5"
            }
        },
        "node_modules/@libsql/hrana-client": {
            "version": "0.5.6",
            "license": "MIT",
            "dependencies": {
                "@libsql/isomorphic-fetch": "^0.1.12",
                "@libsql/isomorphic-ws": "^0.1.5",
                "js-base64": "^3.7.5",
                "node-fetch": "^3.3.2"
            }
        },
        "node_modules/@libsql/isomorphic-fetch": {
            "version": "0.1.12",
            "license": "MIT",
            "dependencies": {
                "@types/node-fetch": "^2.6.11",
                "node-fetch": "^2.7.0"
            }
        },
        "node_modules/@libsql/isomorphic-fetch/node_modules/node-fetch": {
            "version": "2.7.0",
            "license": "MIT",
            "dependencies": {
                "whatwg-url": "^5.0.0"
            },
            "engines": {
                "node": "4.x || >=6.0.0"
            },
            "peerDependencies": {
                "encoding": "^0.1.0"
            },
            "peerDependenciesMeta": {
                "encoding": {
                    "optional": true
                }
            }
        },
        "node_modules/@libsql/isomorphic-ws": {
            "version": "0.1.5",
            "license": "MIT",
            "dependencies": {
                "@types/ws": "^8.5.4",
                "ws": "^8.13.0"
            }
        },
        "node_modules/@libsql/linux-x64-gnu": {
            "version": "0.2.0",
            "cpu": [
                "x64"
            ],
            "license": "MIT",
            "optional": true,
            "os": [
                "linux"
            ]
        },
        "node_modules/@libsql/linux-x64-musl": {
            "version": "0.2.0",
            "cpu": [
                "x64"
            ],
            "license": "MIT",
            "optional": true,
            "os": [
                "linux"
            ]
        },
        "node_modules/@neon-rs/load": {
            "version": "0.0.4",
            "license": "MIT",
            "optional": true
        },
        "node_modules/@types/bun": {
            "version": "1.0.1",
            "dev": true,
            "license": "MIT",
            "dependencies": {
                "bun-types": "1.0.21"
            }
        },
        "node_modules/@types/node": {
            "version": "20.11.0",
            "license": "MIT",
            "dependencies": {
                "undici-types": "~5.26.4"
            }
        },
        "node_modules/@types/node-fetch": {
            "version": "2.6.11",
            "license": "MIT",
            "dependencies": {
                "@types/node": "*",
                "form-data": "^4.0.0"
            }
        },
        "node_modules/@types/node/node_modules/undici-types": {
            "version": "5.26.5",
            "license": "MIT"
        },
        "node_modules/@types/ws": {
            "version": "8.5.10",
            "license": "MIT",
            "dependencies": {
                "@types/node": "*"
            }
        },
        "node_modules/asynckit": {
            "version": "0.4.0",
            "license": "MIT"
        },
        "node_modules/balanced-match": {
            "version": "1.0.2",
            "dev": true,
            "license": "MIT"
        },
        "node_modules/brace-expansion": {
            "version": "2.0.1",
            "dev": true,
            "license": "MIT",
            "dependencies": {
                "balanced-match": "^1.0.0"
            }
        },
        "node_modules/buffer-from": {
            "version": "1.1.2",
            "dev": true,
            "license": "MIT"
        },
        "node_modules/bun-types": {
            "version": "1.0.21",
            "devOptional": true,
            "license": "MIT",
            "dependencies": {
                "@types/node": "*",
                "@types/ws": "*",
                "undici-types": "^5.26.4"
            }
        },
        "node_modules/camelcase": {
            "version": "7.0.1",
            "dev": true,
            "license": "MIT",
            "engines": {
                "node": ">=14.16"
            },
            "funding": {
                "url": "https://github.com/sponsors/sindresorhus"
            }
        },
        "node_modules/chalk": {
            "version": "5.3.0",
            "dev": true,
            "license": "MIT",
            "engines": {
                "node": "^12.17.0 || ^14.13 || >=16.0.0"
            },
            "funding": {
                "url": "https://github.com/chalk/chalk?sponsor=1"
            }
        },
        "node_modules/cli-color": {
            "version": "2.0.3",
            "dev": true,
            "license": "ISC",
            "dependencies": {
                "d": "^1.0.1",
                "es5-ext": "^0.10.61",
                "es6-iterator": "^2.0.3",
                "memoizee": "^0.4.15",
                "timers-ext": "^0.1.7"
            },
            "engines": {
                "node": ">=0.10"
            }
        },
        "node_modules/combined-stream": {
            "version": "1.0.8",
            "license": "MIT",
            "dependencies": {
                "delayed-stream": "~1.0.0"
            },
            "engines": {
                "node": ">= 0.8"
            }
        },
        "node_modules/commander": {
            "version": "9.5.0",
            "dev": true,
            "license": "MIT",
            "engines": {
                "node": "^12.20.0 || >=14"
            }
        },
        "node_modules/copy-anything": {
            "version": "3.0.5",
            "dev": true,
            "license": "MIT",
            "dependencies": {
                "is-what": "^4.1.8"
            },
            "engines": {
                "node": ">=12.13"
            },
            "funding": {
                "url": "https://github.com/sponsors/mesqueeb"
            }
        },
        "node_modules/d": {
            "version": "1.0.1",
            "dev": true,
            "license": "ISC",
            "dependencies": {
                "es5-ext": "^0.10.50",
                "type": "^1.0.1"
            }
        },
        "node_modules/data-uri-to-buffer": {
            "version": "4.0.1",
            "license": "MIT",
            "engines": {
                "node": ">= 12"
            }
        },
        "node_modules/debug": {
            "version": "4.3.4",
            "dev": true,
            "license": "MIT",
            "dependencies": {
                "ms": "2.1.2"
            },
            "engines": {
                "node": ">=6.0"
            },
            "peerDependenciesMeta": {
                "supports-color": {
                    "optional": true
                }
            }
        },
        "node_modules/delayed-stream": {
            "version": "1.0.0",
            "license": "MIT",
            "engines": {
                "node": ">=0.4.0"
            }
        },
        "node_modules/detect-libc": {
            "version": "2.0.2",
            "license": "Apache-2.0",
            "optional": true,
            "engines": {
                "node": ">=8"
            }
        },
        "node_modules/difflib": {
            "version": "0.2.4",
            "dev": true,
            "dependencies": {
                "heap": ">= 0.2.0"
            }
        },
        "node_modules/dreamopt": {
            "version": "0.8.0",
            "dev": true,
            "dependencies": {
                "wordwrap": ">=0.0.2"
            },
            "engines": {
                "node": ">=0.4.0"
            }
        },
        "node_modules/drizzle-kit": {
            "version": "0.20.14",
            "dev": true,
            "license": "MIT",
            "dependencies": {
                "@drizzle-team/studio": "^0.0.39",
                "@esbuild-kit/esm-loader": "^2.5.5",
                "camelcase": "^7.0.1",
                "chalk": "^5.2.0",
                "commander": "^9.4.1",
                "env-paths": "^3.0.0",
                "esbuild": "^0.19.7",
                "esbuild-register": "^3.5.0",
                "glob": "^8.1.0",
                "hanji": "^0.0.5",
                "json-diff": "0.9.0",
                "minimatch": "^7.4.3",
                "semver": "^7.5.4",
                "zod": "^3.20.2"
            },
            "bin": {
                "drizzle-kit": "bin.cjs"
            }
        },
        "node_modules/drizzle-orm": {
            "version": "0.29.3",
            "license": "Apache-2.0",
            "peerDependencies": {
                "@aws-sdk/client-rds-data": ">=3",
                "@cloudflare/workers-types": ">=3",
                "@libsql/client": "*",
                "@neondatabase/serverless": ">=0.1",
                "@opentelemetry/api": "^1.4.1",
                "@planetscale/database": ">=1",
                "@types/better-sqlite3": "*",
                "@types/pg": "*",
                "@types/react": ">=18",
                "@types/sql.js": "*",
                "@vercel/postgres": "*",
                "better-sqlite3": ">=7",
                "bun-types": "*",
                "expo-sqlite": ">=13.2.0",
                "knex": "*",
                "kysely": "*",
                "mysql2": ">=2",
                "pg": ">=8",
                "postgres": ">=3",
                "react": ">=18",
                "sql.js": ">=1",
                "sqlite3": ">=5"
            },
            "peerDependenciesMeta": {
                "@aws-sdk/client-rds-data": {
                    "optional": true
                },
                "@cloudflare/workers-types": {
                    "optional": true
                },
                "@libsql/client": {
                    "optional": true
                },
                "@neondatabase/serverless": {
                    "optional": true
                },
                "@opentelemetry/api": {
                    "optional": true
                },
                "@planetscale/database": {
                    "optional": true
                },
                "@types/better-sqlite3": {
                    "optional": true
                },
                "@types/pg": {
                    "optional": true
                },
                "@types/react": {
                    "optional": true
                },
                "@types/sql.js": {
                    "optional": true
                },
                "@vercel/postgres": {
                    "optional": true
                },
                "better-sqlite3": {
                    "optional": true
                },
                "bun-types": {
                    "optional": true
                },
                "expo-sqlite": {
                    "optional": true
                },
                "knex": {
                    "optional": true
                },
                "kysely": {
                    "optional": true
                },
                "mysql2": {
                    "optional": true
                },
                "pg": {
                    "optional": true
                },
                "postgres": {
                    "optional": true
                },
                "react": {
                    "optional": true
                },
                "sql.js": {
                    "optional": true
                },
                "sqlite3": {
                    "optional": true
                }
            }
        },
        "node_modules/env-paths": {
            "version": "3.0.0",
            "dev": true,
            "license": "MIT",
            "engines": {
                "node": "^12.20.0 || ^14.13.1 || >=16.0.0"
            },
            "funding": {
                "url": "https://github.com/sponsors/sindresorhus"
            }
        },
        "node_modules/es5-ext": {
            "version": "0.10.62",
            "dev": true,
            "hasInstallScript": true,
            "license": "ISC",
            "dependencies": {
                "es6-iterator": "^2.0.3",
                "es6-symbol": "^3.1.3",
                "next-tick": "^1.1.0"
            },
            "engines": {
                "node": ">=0.10"
            }
        },
        "node_modules/es6-iterator": {
            "version": "2.0.3",
            "dev": true,
            "license": "MIT",
            "dependencies": {
                "d": "1",
                "es5-ext": "^0.10.35",
                "es6-symbol": "^3.1.1"
            }
        },
        "node_modules/es6-symbol": {
            "version": "3.1.3",
            "dev": true,
            "license": "ISC",
            "dependencies": {
                "d": "^1.0.1",
                "ext": "^1.1.2"
            }
        },
        "node_modules/es6-weak-map": {
            "version": "2.0.3",
            "dev": true,
            "license": "ISC",
            "dependencies": {
                "d": "1",
                "es5-ext": "^0.10.46",
                "es6-iterator": "^2.0.3",
                "es6-symbol": "^3.1.1"
            }
        },
        "node_modules/esbuild": {
            "version": "0.19.11",
            "dev": true,
            "hasInstallScript": true,
            "license": "MIT",
            "bin": {
                "esbuild": "bin/esbuild"
            },
            "engines": {
                "node": ">=12"
            },
            "optionalDependencies": {
                "@esbuild/aix-ppc64": "0.19.11",
                "@esbuild/android-arm": "0.19.11",
                "@esbuild/android-arm64": "0.19.11",
                "@esbuild/android-x64": "0.19.11",
                "@esbuild/darwin-arm64": "0.19.11",
                "@esbuild/darwin-x64": "0.19.11",
                "@esbuild/freebsd-arm64": "0.19.11",
                "@esbuild/freebsd-x64": "0.19.11",
                "@esbuild/linux-arm": "0.19.11",
                "@esbuild/linux-arm64": "0.19.11",
                "@esbuild/linux-ia32": "0.19.11",
                "@esbuild/linux-loong64": "0.19.11",
                "@esbuild/linux-mips64el": "0.19.11",
                "@esbuild/linux-ppc64": "0.19.11",
                "@esbuild/linux-riscv64": "0.19.11",
                "@esbuild/linux-s390x": "0.19.11",
                "@esbuild/linux-x64": "0.19.11",
                "@esbuild/netbsd-x64": "0.19.11",
                "@esbuild/openbsd-x64": "0.19.11",
                "@esbuild/sunos-x64": "0.19.11",
                "@esbuild/win32-arm64": "0.19.11",
                "@esbuild/win32-ia32": "0.19.11",
                "@esbuild/win32-x64": "0.19.11"
            }
        },
        "node_modules/esbuild-register": {
            "version": "3.5.0",
            "dev": true,
            "license": "MIT",
            "dependencies": {
                "debug": "^4.3.4"
            },
            "peerDependencies": {
                "esbuild": ">=0.12 <1"
            }
        },
        "node_modules/event-emitter": {
            "version": "0.3.5",
            "dev": true,
            "license": "MIT",
            "dependencies": {
                "d": "1",
                "es5-ext": "~0.10.14"
            }
        },
        "node_modules/ext": {
            "version": "1.7.0",
            "dev": true,
            "license": "ISC",
            "dependencies": {
                "type": "^2.7.2"
            }
        },
        "node_modules/ext/node_modules/type": {
            "version": "2.7.2",
            "dev": true,
            "license": "ISC"
        },
        "node_modules/fetch-blob": {
            "version": "3.2.0",
            "funding": [
                {
                    "type": "github",
                    "url": "https://github.com/sponsors/jimmywarting"
                },
                {
                    "type": "paypal",
                    "url": "https://paypal.me/jimmywarting"
                }
            ],
            "license": "MIT",
            "dependencies": {
                "node-domexception": "^1.0.0",
                "web-streams-polyfill": "^3.0.3"
            },
            "engines": {
                "node": "^12.20 || >= 14.13"
            }
        },
        "node_modules/form-data": {
            "version": "4.0.0",
            "license": "MIT",
            "dependencies": {
                "asynckit": "^0.4.0",
                "combined-stream": "^1.0.8",
                "mime-types": "^2.1.12"
            },
            "engines": {
                "node": ">= 6"
            }
        },
        "node_modules/formdata-polyfill": {
            "version": "4.0.10",
            "license": "MIT",
            "dependencies": {
                "fetch-blob": "^3.1.2"
            },
            "engines": {
                "node": ">=12.20.0"
            }
        },
        "node_modules/fs.realpath": {
            "version": "1.0.0",
            "dev": true,
            "license": "ISC"
        },
        "node_modules/get-tsconfig": {
            "version": "4.7.2",
            "dev": true,
            "license": "MIT",
            "dependencies": {
                "resolve-pkg-maps": "^1.0.0"
            },
            "funding": {
                "url": "https://github.com/privatenumber/get-tsconfig?sponsor=1"
            }
        },
        "node_modules/glob": {
            "version": "8.1.0",
            "dev": true,
            "license": "ISC",
            "dependencies": {
                "fs.realpath": "^1.0.0",
                "inflight": "^1.0.4",
                "inherits": "2",
                "minimatch": "^5.0.1",
                "once": "^1.3.0"
            },
            "engines": {
                "node": ">=12"
            },
            "funding": {
                "url": "https://github.com/sponsors/isaacs"
            }
        },
        "node_modules/glob/node_modules/minimatch": {
            "version": "5.1.6",
            "dev": true,
            "license": "ISC",
            "dependencies": {
                "brace-expansion": "^2.0.1"
            },
            "engines": {
                "node": ">=10"
            }
        },
        "node_modules/hanji": {
            "version": "0.0.5",
            "dev": true,
            "license": "ISC",
            "dependencies": {
                "lodash.throttle": "^4.1.1",
                "sisteransi": "^1.0.5"
            }
        },
        "node_modules/heap": {
            "version": "0.2.7",
            "dev": true,
            "license": "MIT"
        },
        "node_modules/hono": {
            "version": "3.12.12",
            "resolved": "https://registry.npmjs.org/hono/-/hono-3.12.12.tgz",
            "integrity": "sha512-5IAMJOXfpA5nT+K0MNjClchzz0IhBHs2Szl7WFAhrFOsbtQsYmNynFyJRg/a3IPsmCfxcrf8txUGiNShXpK5Rg==",
            "engines": {
                "node": ">=16.0.0"
            }
        },
        "node_modules/inflight": {
            "version": "1.0.6",
            "dev": true,
            "license": "ISC",
            "dependencies": {
                "once": "^1.3.0",
                "wrappy": "1"
            }
        },
        "node_modules/inherits": {
            "version": "2.0.4",
            "dev": true,
            "license": "ISC"
        },
        "node_modules/is-promise": {
            "version": "2.2.2",
            "dev": true,
            "license": "MIT"
        },
        "node_modules/is-what": {
            "version": "4.1.16",
            "dev": true,
            "license": "MIT",
            "engines": {
                "node": ">=12.13"
            },
            "funding": {
                "url": "https://github.com/sponsors/mesqueeb"
            }
        },
        "node_modules/js-base64": {
            "version": "3.7.6",
            "license": "BSD-3-Clause"
        },
        "node_modules/json-diff": {
            "version": "0.9.0",
            "dev": true,
            "license": "MIT",
            "dependencies": {
                "cli-color": "^2.0.0",
                "difflib": "~0.2.1",
                "dreamopt": "~0.8.0"
            },
            "bin": {
                "json-diff": "bin/json-diff.js"
            },
            "engines": {
                "node": "*"
            }
        },
        "node_modules/libsql": {
            "version": "0.2.0",
            "cpu": [
                "x64",
                "arm64"
            ],
            "license": "MIT",
            "optional": true,
            "os": [
                "darwin",
                "linux",
                "win32"
            ],
            "dependencies": {
                "@neon-rs/load": "^0.0.4",
                "detect-libc": "2.0.2"
            },
            "optionalDependencies": {
                "@libsql/darwin-arm64": "0.2.0",
                "@libsql/darwin-x64": "0.2.0",
                "@libsql/linux-arm64-gnu": "0.2.0",
                "@libsql/linux-arm64-musl": "0.2.0",
                "@libsql/linux-x64-gnu": "0.2.0",
                "@libsql/linux-x64-musl": "0.2.0",
                "@libsql/win32-x64-msvc": "0.2.0"
            }
        },
        "node_modules/lodash.throttle": {
            "version": "4.1.1",
            "dev": true,
            "license": "MIT"
        },
        "node_modules/lru-cache": {
            "version": "6.0.0",
            "dev": true,
            "license": "ISC",
            "dependencies": {
                "yallist": "^4.0.0"
            },
            "engines": {
                "node": ">=10"
            }
        },
        "node_modules/lru-queue": {
            "version": "0.1.0",
            "dev": true,
            "license": "MIT",
            "dependencies": {
                "es5-ext": "~0.10.2"
            }
        },
        "node_modules/memoizee": {
            "version": "0.4.15",
            "dev": true,
            "license": "ISC",
            "dependencies": {
                "d": "^1.0.1",
                "es5-ext": "^0.10.53",
                "es6-weak-map": "^2.0.3",
                "event-emitter": "^0.3.5",
                "is-promise": "^2.2.2",
                "lru-queue": "^0.1.0",
                "next-tick": "^1.1.0",
                "timers-ext": "^0.1.7"
            }
        },
        "node_modules/mime-db": {
            "version": "1.52.0",
            "license": "MIT",
            "engines": {
                "node": ">= 0.6"
            }
        },
        "node_modules/mime-types": {
            "version": "2.1.35",
            "license": "MIT",
            "dependencies": {
                "mime-db": "1.52.0"
            },
            "engines": {
                "node": ">= 0.6"
            }
        },
        "node_modules/minimatch": {
            "version": "7.4.6",
            "dev": true,
            "license": "ISC",
            "dependencies": {
                "brace-expansion": "^2.0.1"
            },
            "engines": {
                "node": ">=10"
            },
            "funding": {
                "url": "https://github.com/sponsors/isaacs"
            }
        },
        "node_modules/ms": {
            "version": "2.1.2",
            "dev": true,
            "license": "MIT"
        },
        "node_modules/next-tick": {
            "version": "1.1.0",
            "dev": true,
            "license": "ISC"
        },
        "node_modules/node-domexception": {
            "version": "1.0.0",
            "funding": [
                {
                    "type": "github",
                    "url": "https://github.com/sponsors/jimmywarting"
                },
                {
                    "type": "github",
                    "url": "https://paypal.me/jimmywarting"
                }
            ],
            "license": "MIT",
            "engines": {
                "node": ">=10.5.0"
            }
        },
        "node_modules/node-fetch": {
            "version": "3.3.2",
            "license": "MIT",
            "dependencies": {
                "data-uri-to-buffer": "^4.0.0",
                "fetch-blob": "^3.1.4",
                "formdata-polyfill": "^4.0.10"
            },
            "engines": {
                "node": "^12.20.0 || ^14.13.1 || >=16.0.0"
            },
            "funding": {
                "type": "opencollective",
                "url": "https://opencollective.com/node-fetch"
            }
        },
        "node_modules/once": {
            "version": "1.4.0",
            "dev": true,
            "license": "ISC",
            "dependencies": {
                "wrappy": "1"
            }
        },
        "node_modules/openapi3-ts": {
            "version": "4.2.2",
            "resolved": "https://registry.npmjs.org/openapi3-ts/-/openapi3-ts-4.2.2.tgz",
            "integrity": "sha512-+9g4actZKeb3czfi9gVQ4Br2Ju3KwhCAQJBNaKgye5KggqcBLIhFHH+nIkcm0BUX00TrAJl6dH4JWgM4G4JWrw==",
            "dependencies": {
                "yaml": "^2.3.4"
            }
        },
        "node_modules/resolve-pkg-maps": {
            "version": "1.0.0",
            "dev": true,
            "license": "MIT",
            "funding": {
                "url": "https://github.com/privatenumber/resolve-pkg-maps?sponsor=1"
            }
        },
        "node_modules/semver": {
            "version": "7.5.4",
            "dev": true,
            "license": "ISC",
            "dependencies": {
                "lru-cache": "^6.0.0"
            },
            "bin": {
                "semver": "bin/semver.js"
            },
            "engines": {
                "node": ">=10"
            }
        },
        "node_modules/sisteransi": {
            "version": "1.0.5",
            "dev": true,
            "license": "MIT"
        },
        "node_modules/source-map": {
            "version": "0.6.1",
            "dev": true,
            "license": "BSD-3-Clause",
            "engines": {
                "node": ">=0.10.0"
            }
        },
        "node_modules/source-map-support": {
            "version": "0.5.21",
            "dev": true,
            "license": "MIT",
            "dependencies": {
                "buffer-from": "^1.0.0",
                "source-map": "^0.6.0"
            }
        },
        "node_modules/superjson": {
            "version": "2.2.1",
            "dev": true,
            "license": "MIT",
            "dependencies": {
                "copy-anything": "^3.0.2"
            },
            "engines": {
                "node": ">=16"
            }
        },
        "node_modules/timers-ext": {
            "version": "0.1.7",
            "dev": true,
            "license": "ISC",
            "dependencies": {
                "es5-ext": "~0.10.46",
                "next-tick": "1"
            }
        },
        "node_modules/tr46": {
            "version": "0.0.3",
            "license": "MIT"
        },
        "node_modules/type": {
            "version": "1.2.0",
            "dev": true,
            "license": "ISC"
        },
        "node_modules/undici-types": {
            "version": "5.28.2",
            "devOptional": true,
            "license": "MIT"
        },
        "node_modules/web-streams-polyfill": {
            "version": "3.3.2",
            "license": "MIT",
            "engines": {
                "node": ">= 8"
            }
        },
        "node_modules/webidl-conversions": {
            "version": "3.0.1",
            "license": "BSD-2-Clause"
        },
        "node_modules/whatwg-url": {
            "version": "5.0.0",
            "license": "MIT",
            "dependencies": {
                "tr46": "~0.0.3",
                "webidl-conversions": "^3.0.0"
            }
        },
        "node_modules/wordwrap": {
            "version": "1.0.0",
            "dev": true,
            "license": "MIT"
        },
        "node_modules/wrappy": {
            "version": "1.0.2",
            "dev": true,
            "license": "ISC"
        },
        "node_modules/ws": {
            "version": "8.16.0",
            "license": "MIT",
            "engines": {
                "node": ">=10.0.0"
            },
            "peerDependencies": {
                "bufferutil": "^4.0.1",
                "utf-8-validate": ">=5.0.2"
            },
            "peerDependenciesMeta": {
                "bufferutil": {
                    "optional": true
                },
                "utf-8-validate": {
                    "optional": true
                }
            }
        },
        "node_modules/yallist": {
            "version": "4.0.0",
            "dev": true,
            "license": "ISC"
        },
        "node_modules/yaml": {
            "version": "2.4.0",
            "resolved": "https://registry.npmjs.org/yaml/-/yaml-2.4.0.tgz",
            "integrity": "sha512-j9iR8g+/t0lArF4V6NE/QCfT+CO7iLqrXAHZbJdo+LfjqP1vR8Fg5bSiaq6Q2lOD1AUEVrEVIgABvBFYojJVYQ==",
            "bin": {
                "yaml": "bin.mjs"
            },
            "engines": {
                "node": ">= 14"
            }
        },
        "node_modules/zod": {
            "version": "3.22.4",
            "resolved": "https://registry.npmjs.org/zod/-/zod-3.22.4.tgz",
            "integrity": "sha512-iC+8Io04lddc+mVqQ9AZ7OQ2MrUKGN+oIQyq1vemgt46jwCwLfhq7/pwnBnNXXXZb8VTVLKwp9EDkx+ryxIWmg==",
            "funding": {
                "url": "https://github.com/sponsors/colinhacks"
            }
        }
    }
}
